
Microsoft Visual Studio Solution File, Format Version 12.00
# Visual Studio Version 16
VisualStudioVersion = 25.0.1700.0
MinimumVisualStudioVersion = 10.0.40219.1
Project("{FAE04EC0-301F-11D3-BF4B-00C04F79EFBC}") = "Cw3", "Cw3.csproj", "{A8DCBB43-7609-4DE9-80CC-37918FE620EE}"
EndProject
Global
	GlobalSection(SolutionConfigurationPlatforms) = preSolution
		Debug|Any CPU = Debug|Any CPU
		Release|Any CPU = Release|Any CPU
	EndGlobalSection
	GlobalSection(ProjectConfigurationPlatforms) = postSolution
		{A8DCBB43-7609-4DE9-80CC-37918FE620EE}.Debug|Any CPU.ActiveCfg = Debug|Any CPU
		{A8DCBB43-7609-4DE9-80CC-37918FE620EE}.Debug|Any CPU.Build.0 = Debug|Any CPU
		{A8DCBB43-7609-4DE9-80CC-37918FE620EE}.Release|Any CPU.ActiveCfg = Release|Any CPU
		{A8DCBB43-7609-4DE9-80CC-37918FE620EE}.Release|Any CPU.Build.0 = Release|Any CPU
	EndGlobalSection
	GlobalSection(SolutionProperties) = preSolution
		HideSolutionNode = FALSE
	EndGlobalSection
	GlobalSection(ExtensibilityGlobals) = postSolution
		SolutionGuid = {DC9BF126-49D6-4F3C-9268-2671F9C854C1}
	EndGlobalSection
EndGlobal
